
Microsoft Visual Studio Solution File, Format Version 12.00
# Visual Studio 15
VisualStudioVersion = 15.0.27004.2002
MinimumVisualStudioVersion = 10.0.40219.1
Project("{8BC9CEB8-8B4A-11D0-8D11-00A0C91BC942}") = "Haikuize", "Haikuize\Haikuize.vcxproj", "{90D7FE2B-135A-4E5D-9D46-1A5D6B720E0C}"
EndProject
Global
	GlobalSection(SolutionConfigurationPlatforms) = preSolution
		Debug|x64 = Debug|x64
		Debug|x86 = Debug|x86
		Release|x64 = Release|x64
		Release|x86 = Release|x86
	EndGlobalSection
	GlobalSection(ProjectConfigurationPlatforms) = postSolution
		{90D7FE2B-135A-4E5D-9D46-1A5D6B720E0C}.Debug|x64.ActiveCfg = Debug|x64
		{90D7FE2B-135A-4E5D-9D46-1A5D6B720E0C}.Debug|x64.Build.0 = Debug|x64
		{90D7FE2B-135A-4E5D-9D46-1A5D6B720E0C}.Debug|x86.ActiveCfg = Debug|Win32
		{90D7FE2B-135A-4E5D-9D46-1A5D6B720E0C}.Debug|x86.Build.0 = Debug|Win32
		{90D7FE2B-135A-4E5D-9D46-1A5D6B720E0C}.Release|x64.ActiveCfg = Release|x64
		{90D7FE2B-135A-4E5D-9D46-1A5D6B720E0C}.Release|x64.Build.0 = Release|x64
		{90D7FE2B-135A-4E5D-9D46-1A5D6B720E0C}.Release|x86.ActiveCfg = Release|Win32
		{90D7FE2B-135A-4E5D-9D46-1A5D6B720E0C}.Release|x86.Build.0 = Release|Win32
	EndGlobalSection
	GlobalSection(SolutionProperties) = preSolution
		HideSolutionNode = FALSE
	EndGlobalSection
	GlobalSection(ExtensibilityGlobals) = postSolution
		SolutionGuid = {E131331C-E5E5-4ED0-A678-850B464C50CE}
	EndGlobalSection
EndGlobal
