
Microsoft Visual Studio Solution File, Format Version 12.00
# Visual Studio 15
VisualStudioVersion = 15.0.27004.2002
MinimumVisualStudioVersion = 10.0.40219.1
Project("{8BC9CEB8-8B4A-11D0-8D11-00A0C91BC942}") = "BigInt1", "BigInt1\BigInt1.vcxproj", "{606DF35A-6D29-48D6-8F60-AD0B23A39BE8}"
EndProject
Global
	GlobalSection(SolutionConfigurationPlatforms) = preSolution
		Debug|x64 = Debug|x64
		Debug|x86 = Debug|x86
		Release|x64 = Release|x64
		Release|x86 = Release|x86
	EndGlobalSection
	GlobalSection(ProjectConfigurationPlatforms) = postSolution
		{606DF35A-6D29-48D6-8F60-AD0B23A39BE8}.Debug|x64.ActiveCfg = Debug|x64
		{606DF35A-6D29-48D6-8F60-AD0B23A39BE8}.Debug|x64.Build.0 = Debug|x64
		{606DF35A-6D29-48D6-8F60-AD0B23A39BE8}.Debug|x86.ActiveCfg = Debug|Win32
		{606DF35A-6D29-48D6-8F60-AD0B23A39BE8}.Debug|x86.Build.0 = Debug|Win32
		{606DF35A-6D29-48D6-8F60-AD0B23A39BE8}.Release|x64.ActiveCfg = Release|x64
		{606DF35A-6D29-48D6-8F60-AD0B23A39BE8}.Release|x64.Build.0 = Release|x64
		{606DF35A-6D29-48D6-8F60-AD0B23A39BE8}.Release|x86.ActiveCfg = Release|Win32
		{606DF35A-6D29-48D6-8F60-AD0B23A39BE8}.Release|x86.Build.0 = Release|Win32
	EndGlobalSection
	GlobalSection(SolutionProperties) = preSolution
		HideSolutionNode = FALSE
	EndGlobalSection
	GlobalSection(ExtensibilityGlobals) = postSolution
		SolutionGuid = {D01B111C-52CD-413E-9FFB-0C96D69D5CD5}
	EndGlobalSection
EndGlobal
